{
    "version": 3,
    "terraform_version": "0.11.8",
    "serial": 6,
    "lineage": "352932a6-7635-0c66-cced-296c4dbb40ff",
    "modules": [
        {
            "path": [
                "root"
            ],
            "outputs": {},
            "resources": {
                "google_container_cluster.test-cluster": {
                    "type": "google_container_cluster",
                    "depends_on": [],
                    "primary": {
                        "id": "terraform-test-custer",
                        "attributes": {
                            "additional_zones.#": "0",
                            "addons_config.#": "1",
                            "addons_config.0.horizontal_pod_autoscaling.#": "0",
                            "addons_config.0.http_load_balancing.#": "0",
                            "addons_config.0.kubernetes_dashboard.#": "0",
                            "addons_config.0.network_policy_config.#": "1",
                            "addons_config.0.network_policy_config.0.disabled": "true",
                            "cluster_ipv4_cidr": "10.12.0.0/14",
                            "description": "",
                            "enable_binary_authorization": "false",
                            "enable_kubernetes_alpha": "false",
                            "enable_legacy_abac": "false",
                            "endpoint": "35.232.4.44",
                            "id": "terraform-test-custer",
                            "initial_node_count": "1",
                            "instance_group_urls.#": "1",
                            "instance_group_urls.0": "https://www.googleapis.com/compute/v1/projects/flood-alert-app/zones/us-central1-a/instanceGroups/gke-terraform-test-custe-default-pool-804a4772-grp",
                            "ip_allocation_policy.#": "0",
                            "logging_service": "logging.googleapis.com",
                            "maintenance_policy.#": "0",
                            "master_auth.#": "1",
                            "master_auth.0.client_certificate": "LS0tLS1CRUdJTiBDRVJUSUZJQ0FURS0tLS0tCk1JSUMyakNDQWNLZ0F3SUJBZ0lRUkEyclJxc0hIako3TmZKSlgzV3crVEFOQmdrcWhraUc5dzBCQVFzRkFEQXYKTVMwd0t3WURWUVFERXlSak9EUmpaR1EyWlMwd09UUmxMVFJoWm1RdFlqSm1NeTFsT1dKbFkyVm1PV0UzTVRVdwpIaGNOTVRnd09URTJNRE13TWpVNFdoY05Nak13T1RFMU1ETXdNalU0V2pBUk1ROHdEUVlEVlFRREV3WmpiR2xsCmJuUXdnZ0VpTUEwR0NTcUdTSWIzRFFFQkFRVUFBNElCRHdBd2dnRUtBb0lCQVFEWm4vaVRmYmR6SmxxbDhWcG0KeElBY3VlS3NjZG5tTjExdlBqZ2J6bjU3Y2J2NVNhVk9IeERtQjFHM1FpeEEvSkNFdzJSM3A1elJ4bVR0ZmlrdQpHMExMYW92OW1NbEJRNTRaRmdUSzUyWkRXNnJ6azhaRUEzY1FIK0xrcmFpWEZTdjFKb2JIbG16T3lFMVNJZDdICnBUMHNudWUyK09nUzFDQS9Zenh1Z0xVdnB2aEEvZCs3T3JnK3NDNjhwRnFjaENWNit4aGwrdFZyWENHbzRmNFYKUnN2clorY21RMG1mT2xLZTVHaDhOQjJpUEtOekpCZVdlRGJudGphd1pLOC95ajNjWnFzdk9ZMk42MkJ1TVAzMQptNjM4L2g4MklQRU5jRWZHbUtNcmVLMFZXV25ZU1ZQK3ZEejhrcmhCVmVWU3hPK2FzL2padjdnNCtxanJrNHUzCmdFQVBBZ01CQUFHakVEQU9NQXdHQTFVZEV3RUIvd1FDTUFBd0RRWUpLb1pJaHZjTkFRRUxCUUFEZ2dFQkFCVSsKcElYZGIrdEdOek94eHNQaDFJSk5yRGx1ZHRIVDZtSTlITjluUkRXUHIwaGYrSXA5b2dGcUFXSk92N2Y3a2dhZApTSG1kemhONHhhbm91RHlENHRBRXVOVzJ5WFNLNE9kenc4QjdUWnN4cjNIQUxhZEJLbytYb0ZnMEV5cTlaZHNXCkUzR2Z4amJFelE1cTkvc25XTEoyYjl5L2xtUmpheWtpM003Z01kbTltMzROWE5pUXlXNnh5M1dQbDhYbkg5TUwKSW5pc3p6VjJnd1BOdWRMaWkyYW9oRmNjUjF4QXlJZWhwdFZVbHU1NHhTTlJJZUdBQnd4b3hiUCtVMmcyd05zNAp3VDIyUW1rZERRd0o3QUpYY25sdVpTT1FmM0VNN3BPa1NEVllOcndvOVhQTmxuZUtrRVVnWWY3WnhxOXFabHZECkF4eGJvS3RmK2p2c1JqUEs3b1k9Ci0tLS0tRU5EIENFUlRJRklDQVRFLS0tLS0K",
                            "master_auth.0.client_certificate_config.#": "0",
                            "master_auth.0.client_key": "LS0tLS1CRUdJTiBSU0EgUFJJVkFURSBLRVktLS0tLQpNSUlFb2dJQkFBS0NBUUVBMlovNGszMjNjeVphcGZGYVpzU0FITG5pckhIWjVqZGRiejQ0Rzg1K2UzRzcrVW1sClRoOFE1Z2RSdDBJc1FQeVFoTU5rZDZlYzBjWms3WDRwTGh0Q3kycUwvWmpKUVVPZUdSWUV5dWRtUTF1cTg1UEcKUkFOM0VCL2k1SzJvbHhVcjlTYUd4NVpzenNoTlVpSGV4NlU5TEo3bnR2am9FdFFnUDJNOGJvQzFMNmI0UVAzZgp1enE0UHJBdXZLUmFuSVFsZXZzWVpmclZhMXdocU9IK0ZVYkw2MmZuSmtOSm56cFNudVJvZkRRZG9qeWpjeVFYCmxuZzI1N1kyc0dTdlA4bzkzR2FyTHptTmpldGdiakQ5OVp1dC9QNGZOaUR4RFhCSHhwaWpLM2l0RlZscDJFbFQKL3J3OC9KSzRRVlhsVXNUdm1yUDQyYis0T1BxbzY1T0x0NEJBRHdJREFRQUJBb0lCQURmaWZpVjE4NjJVekZOdgp5cXk0U2tQV01sRGhQYmtDUDdLbzhpU2wzdElaYjFHQmFYdEp1Lyt1SW54aWVGWEo1ZHpLQmxzNXhpb1NmZW1FCjY5TkV1ZDdkd2d4QjkzQ1VpaDFjQzZnRlN6d0I1c0Q5RWoxMS9GVytNbmhSNWdqQ0xaTWJMU0pFelRVK3Q2aGYKUFVQY2VYeWpZOUtYVVpWQU52WEFLSTBoN1NWS2pKaGVtYTQ5dE5jZXMvcGlmanZxczRMK25ncjFzN0h6R3RWUwozSmdxRkxFY1ZYYjZjMXkwRE0raFVGZGdpNnNSeDB3aU5TNEZJamhGa0lhOTN6VFBnelJBeHpxb3pDeWdrK3pyClBkOHo0ZHN4cmZaK3NVMy9MeTFsRUZLWi90dm90WWxsa0crdTc0a3FTV1JFOFpyNjM4eXVCdGFzZGlZRTlmMkkKVVdaUHpnRUNnWUVBOEJlZW9EZ21DNHBiM2NobGxPVkVrVW9uVXBwSG4zU1FlaXJnWjBsZVRzcys1RExCNFdwbQoydE1QTTVFTVNhbm9FcFJwRGFoc3NuRmJsaWtPbElMWGRPK1pKWWFORUxLYkg5TkRYQnFYMHNIaFRhOFdBSDM3CnQ4Vm43YlJPd1hZZTRjUE9EdFVMVFJEdklzNWFaWis4blZhTC92aHNEcUNKaDFnM1pOMWJCZzhDZ1lFQTZBdEUKQ0w3d2RJQkFwWHQvWjFpRFNTdzlNYytCdThEanNRblhiS0ZTTzU5YmZ6azBrYlZSWlNySnV1dWRGNFdsR05TcgpEK09tbmQza3dkSmNSZ0VMNGlnYXk5UjNpaGQ4WXl4UTdZQ3B4ZzQxUU0rMGhPM3BIQWduUmtTTEEraU4yRnRDCk1TWUZBZGFEV1psZThBT0dHNDdEVmxqZVZ2dVVtS3BvZTB2UkpnRUNnWUJSYTZFbXNvUHNhL3BsaHYwejltQS8KYVVkV2t1MXhIT1dXR0k1TFdLMDd5VjlGb2hUdjdkWjlwUS9GckEzZnVWZnpYUk1YUjZPOURBWkVNUjQ1clBtRwpOVzdaTS8wSXlaa2p2TkJlSHNLWC9abjdiMEhsM3RPTGFjMnA1ZmpEVU54K01abmltOHNlVW56V2IrWm1DanE3Cm5Nc1RKNG4xbCttcjFYWExwZW1sYndLQmdINWR0RDAzRG1mRGVIRW1JaW03c0RObkhpUkVKeGlDWVAwR3FRU0YKamV6ZVNjdXM4WTN3T2xWbnlkZzdlNTlWcnFVcEc4ZFphR0ZNZDhsOXI3YUgxMXJnRUVlMGV5eit3VVNZMjdHYgpnZGxUMzNoZUpLYkhrVTBzdTRhdXlTM2x0V2wvdVRwZXhCZE9KTlhraWlrWElpOWJ2ZEVHTUg4YUhzQk0vUDA0Ck9yd0JBb0dBRGc1TUU3RHl4SVRKbnVWQzRhMG9BZFV0M2FZNGZKVHY1MGJPVWhycXo4Z3Y1SktNQUhVdHpIRDMKUXVVb2hvK3poQ3ArODF2Q050RHczUld6RkxQRlZNRGY1YUIwdWsyQmxMV3JOQ2NiVXJHUkJLL0llV1Rvc2h2dgpWckRKZU8vbDVseVVSRk5scEg2Nk9FK3gzN1lYSWlyaGtiUlBBbFJKeVUyQXNTMWRza2M9Ci0tLS0tRU5EIFJTQSBQUklWQVRFIEtFWS0tLS0tCg==",
                            "master_auth.0.cluster_ca_certificate": "LS0tLS1CRUdJTiBDRVJUSUZJQ0FURS0tLS0tCk1JSURDekNDQWZPZ0F3SUJBZ0lRR3F3YzVNYzlzTktMTngwbXFEL0lxakFOQmdrcWhraUc5dzBCQVFzRkFEQXYKTVMwd0t3WURWUVFERXlSak9EUmpaR1EyWlMwd09UUmxMVFJoWm1RdFlqSm1NeTFsT1dKbFkyVm1PV0UzTVRVdwpIaGNOTVRnd09URTJNREl3TWpVNFdoY05Nak13T1RFMU1ETXdNalU0V2pBdk1TMHdLd1lEVlFRREV5UmpPRFJqClpHUTJaUzB3T1RSbExUUmhabVF0WWpKbU15MWxPV0psWTJWbU9XRTNNVFV3Z2dFaU1BMEdDU3FHU0liM0RRRUIKQVFVQUE0SUJEd0F3Z2dFS0FvSUJBUUN0Q0xsV0hiY20yY1ZTeWM2TUNOY1JZSlRwM01jeWR1T3hhd25wNk4rbwpFRDYzUnhCV2lCTDRZVkdXbWt4MlhteVNUbThRenhIUFEzazJmdmdrbHZZMlVHdDJiOVdTSTRJZnNpaWQ3Uk9qCkNiY1lCVzdRblpHRGN4ODFMQTYzQ2RISEttK0JTbk4rV1A4elZ3SzlFRmlKSGxQZXNMbEJPUnI4NUthcVJjRTIKeTJIZTAvSEdQbUUxcGV4WVUraDZqM20vT1M5dFdnWnZ3MzhNV3dPSE0rMEswVzQreFZOVnFBNUlsUWtmRHZxNApLMkt1OUQ3VGZTc1UzQjBreklseUNaZUFwRUxaZVZGaEU2WG9lclBBbU5TS3B6MjJhWkJXWmxQNnpMQ3J4ditnCm1Wa3MzT2c1Mno3V2k0cmttVnI5dkY1UlRtMmIxdHQrMEZjMmtqZFIySms3QWdNQkFBR2pJekFoTUE0R0ExVWQKRHdFQi93UUVBd0lDQkRBUEJnTlZIUk1CQWY4RUJUQURBUUgvTUEwR0NTcUdTSWIzRFFFQkN3VUFBNElCQVFBQQorWlM2QWxVWXkxTlNhMWVKMHdFQ1ZtUG82K0FRMUcwRVZsd0w2VHNhSmN2SWUxS09Ic0pUcGdpUzR5VkFtM0N0Cm5hdXpnZHhnQ1RWZGpmYU5jbDEyVG1DaWZUc3hrbUl0TmxLYk9UWEFKWktMeDVJUXFVaEpCeW5NejVrdC9IRmkKeWx2MllwaGRlYis3dmc1MVpoK1Jsa1k0TU05RXJaeEJGZUJ1em9zck9wdE1lOVYyYXpNTUU0SENTbyttcVRkUgpjOUNocmdZcGR1WjVPSXBlUnVUOStFQmxSeHNNSXNVUmNKUmJzUGw3bHhhT0wxUnFZN1U0U2JYMmF2ejh4WlNSCm1nNmxMczM4VkRnYmRPY3FkbStUYjVad3FkQi9qZm1DNmtVRTZGK3lSZkZDaTZLN1BKYjFCNUJLaFFmMnFSVWcKUjd0TktiVDNuTmNUQ3JGRFV6MnMKLS0tLS1FTkQgQ0VSVElGSUNBVEUtLS0tLQo=",
                            "master_auth.0.password": "nqr43YJzXivJFGZC",
                            "master_auth.0.username": "admin",
                            "master_authorized_networks_config.#": "0",
                            "master_ipv4_cidr_block": "",
                            "master_version": "1.9.7-gke.6",
                            "monitoring_service": "monitoring.googleapis.com",
                            "name": "terraform-test-custer",
                            "network": "projects/flood-alert-app/global/networks/default",
                            "network_policy.#": "1",
                            "network_policy.0.enabled": "false",
                            "network_policy.0.provider": "PROVIDER_UNSPECIFIED",
                            "node_config.#": "1",
                            "node_config.0.disk_size_gb": "100",
                            "node_config.0.disk_type": "pd-standard",
                            "node_config.0.guest_accelerator.#": "0",
                            "node_config.0.image_type": "COS",
                            "node_config.0.labels.%": "0",
                            "node_config.0.local_ssd_count": "0",
                            "node_config.0.machine_type": "n1-standard-1",
                            "node_config.0.metadata.%": "0",
                            "node_config.0.min_cpu_platform": "",
                            "node_config.0.oauth_scopes.#": "6",
                            "node_config.0.oauth_scopes.1277378754": "https://www.googleapis.com/auth/monitoring",
                            "node_config.0.oauth_scopes.1632638332": "https://www.googleapis.com/auth/devstorage.read_only",
                            "node_config.0.oauth_scopes.172152165": "https://www.googleapis.com/auth/logging.write",
                            "node_config.0.oauth_scopes.316356861": "https://www.googleapis.com/auth/service.management.readonly",
                            "node_config.0.oauth_scopes.3663490875": "https://www.googleapis.com/auth/servicecontrol",
                            "node_config.0.oauth_scopes.3859019814": "https://www.googleapis.com/auth/trace.append",
                            "node_config.0.preemptible": "false",
                            "node_config.0.service_account": "default",
                            "node_config.0.tags.#": "0",
                            "node_config.0.taint.#": "0",
                            "node_config.0.workload_metadata_config.#": "0",
                            "node_pool.#": "1",
                            "node_pool.0.autoscaling.#": "0",
                            "node_pool.0.initial_node_count": "1",
                            "node_pool.0.instance_group_urls.#": "1",
                            "node_pool.0.instance_group_urls.0": "https://www.googleapis.com/compute/v1/projects/flood-alert-app/zones/us-central1-a/instanceGroupManagers/gke-terraform-test-custe-default-pool-804a4772-grp",
                            "node_pool.0.management.#": "1",
                            "node_pool.0.management.0.auto_repair": "false",
                            "node_pool.0.management.0.auto_upgrade": "false",
                            "node_pool.0.name": "default-pool",
                            "node_pool.0.name_prefix": "",
                            "node_pool.0.node_config.#": "1",
                            "node_pool.0.node_config.0.disk_size_gb": "100",
                            "node_pool.0.node_config.0.disk_type": "pd-standard",
                            "node_pool.0.node_config.0.guest_accelerator.#": "0",
                            "node_pool.0.node_config.0.image_type": "COS",
                            "node_pool.0.node_config.0.labels.%": "0",
                            "node_pool.0.node_config.0.local_ssd_count": "0",
                            "node_pool.0.node_config.0.machine_type": "n1-standard-1",
                            "node_pool.0.node_config.0.metadata.%": "0",
                            "node_pool.0.node_config.0.min_cpu_platform": "",
                            "node_pool.0.node_config.0.oauth_scopes.#": "6",
                            "node_pool.0.node_config.0.oauth_scopes.1277378754": "https://www.googleapis.com/auth/monitoring",
                            "node_pool.0.node_config.0.oauth_scopes.1632638332": "https://www.googleapis.com/auth/devstorage.read_only",
                            "node_pool.0.node_config.0.oauth_scopes.172152165": "https://www.googleapis.com/auth/logging.write",
                            "node_pool.0.node_config.0.oauth_scopes.316356861": "https://www.googleapis.com/auth/service.management.readonly",
                            "node_pool.0.node_config.0.oauth_scopes.3663490875": "https://www.googleapis.com/auth/servicecontrol",
                            "node_pool.0.node_config.0.oauth_scopes.3859019814": "https://www.googleapis.com/auth/trace.append",
                            "node_pool.0.node_config.0.preemptible": "false",
                            "node_pool.0.node_config.0.service_account": "default",
                            "node_pool.0.node_config.0.tags.#": "0",
                            "node_pool.0.node_config.0.taint.#": "0",
                            "node_pool.0.node_config.0.workload_metadata_config.#": "0",
                            "node_pool.0.node_count": "1",
                            "node_pool.0.version": "1.9.7-gke.6",
                            "node_version": "1.9.7-gke.6",
                            "pod_security_policy_config.#": "0",
                            "private_cluster": "false",
                            "project": "flood-alert-app",
                            "resource_labels.%": "0",
                            "subnetwork": "projects/flood-alert-app/regions/us-central1/subnetworks/default",
                            "zone": "us-central1-a"
                        },
                        "meta": {
                            "e2bfb730-ecaa-11e6-8f88-34363bc7c4c0": {
                                "create": 1800000000000,
                                "delete": 1800000000000,
                                "update": 600000000000
                            },
                            "schema_version": "1"
                        },
                        "tainted": false
                    },
                    "deposed": [],
                    "provider": "provider.google"
                },
                "kubernetes_pod.flood-alert-app": {
                    "type": "kubernetes_pod",
                    "depends_on": [],
                    "primary": {
                        "id": "default/flood-alert-app",
                        "attributes": {
                            "id": "default/flood-alert-app",
                            "metadata.#": "1",
                            "metadata.0.annotations.%": "0",
                            "metadata.0.generate_name": "",
                            "metadata.0.generation": "0",
                            "metadata.0.labels.%": "0",
                            "metadata.0.name": "flood-alert-app",
                            "metadata.0.namespace": "default",
                            "metadata.0.resource_version": "1153061",
                            "metadata.0.self_link": "/api/v1/namespaces/default/pods/flood-alert-app",
                            "metadata.0.uid": "04d3c12a-b95d-11e8-9a9d-42010a80004e",
                            "spec.#": "1",
                            "spec.0.active_deadline_seconds": "0",
                            "spec.0.container.#": "1",
                            "spec.0.container.0.args.#": "0",
                            "spec.0.container.0.command.#": "0",
                            "spec.0.container.0.env.#": "0",
                            "spec.0.container.0.image": "gcr.io/flood-alert-app/flood-alert-app@sha256:b7927ecc8606c18bcd2d5f3bd037c6869d9ad85cfc0d39064f10b05857398445",
                            "spec.0.container.0.image_pull_policy": "IfNotPresent",
                            "spec.0.container.0.lifecycle.#": "0",
                            "spec.0.container.0.liveness_probe.#": "0",
                            "spec.0.container.0.name": "flood-alert-app",
                            "spec.0.container.0.port.#": "0",
                            "spec.0.container.0.readiness_probe.#": "0",
                            "spec.0.container.0.resources.#": "1",
                            "spec.0.container.0.resources.0.limits.#": "0",
                            "spec.0.container.0.resources.0.requests.#": "1",
                            "spec.0.container.0.resources.0.requests.0.cpu": "100m",
                            "spec.0.container.0.resources.0.requests.0.memory": "",
                            "spec.0.container.0.security_context.#": "0",
                            "spec.0.container.0.stdin": "false",
                            "spec.0.container.0.stdin_once": "false",
                            "spec.0.container.0.termination_message_path": "/dev/termination-log",
                            "spec.0.container.0.tty": "false",
                            "spec.0.container.0.volume_mount.#": "0",
                            "spec.0.container.0.working_dir": "",
                            "spec.0.dns_policy": "ClusterFirst",
                            "spec.0.host_ipc": "false",
                            "spec.0.host_network": "false",
                            "spec.0.host_pid": "false",
                            "spec.0.hostname": "",
                            "spec.0.image_pull_secrets.#": "0",
                            "spec.0.init_container.#": "0",
                            "spec.0.node_name": "gke-flood-alert-app-default-pool-3cd71985-3zsl",
                            "spec.0.node_selector.%": "0",
                            "spec.0.restart_policy": "Always",
                            "spec.0.security_context.#": "0",
                            "spec.0.service_account_name": "default",
                            "spec.0.subdomain": "",
                            "spec.0.termination_grace_period_seconds": "30",
                            "spec.0.volume.#": "0"
                        },
                        "meta": {
                            "e2bfb730-ecaa-11e6-8f88-34363bc7c4c0": {
                                "create": 300000000000,
                                "delete": 300000000000
                            }
                        },
                        "tainted": false
                    },
                    "deposed": [],
                    "provider": "provider.kubernetes"
                }
            },
            "depends_on": []
        }
    ]
}
