{
    "version": 3,
    "terraform_version": "0.11.8",
    "serial": 57,
    "lineage": "e45bfa24-a099-174d-6797-d7daea044a80",
    "modules": [
        {
            "path": [
                "root"
            ],
            "outputs": {},
            "resources": {
                "google_container_cluster.primary": {
                    "type": "google_container_cluster",
                    "depends_on": [],
                    "primary": {
                        "id": "development",
                        "attributes": {
                            "additional_zones.#": "0",
                            "addons_config.#": "1",
                            "addons_config.0.horizontal_pod_autoscaling.#": "0",
                            "addons_config.0.http_load_balancing.#": "0",
                            "addons_config.0.kubernetes_dashboard.#": "1",
                            "addons_config.0.kubernetes_dashboard.0.disabled": "true",
                            "addons_config.0.network_policy_config.#": "1",
                            "addons_config.0.network_policy_config.0.disabled": "true",
                            "cluster_ipv4_cidr": "10.4.0.0/14",
                            "description": "",
                            "enable_binary_authorization": "false",
                            "enable_kubernetes_alpha": "false",
                            "enable_legacy_abac": "false",
                            "endpoint": "35.237.27.174",
                            "id": "development",
                            "initial_node_count": "2",
                            "instance_group_urls.#": "1",
                            "instance_group_urls.0": "https://www.googleapis.com/compute/v1/projects/flood-alert-app/zones/us-east1-c/instanceGroups/gke-development-default-pool-92fc3901-grp",
                            "ip_allocation_policy.#": "0",
                            "logging_service": "logging.googleapis.com",
                            "maintenance_policy.#": "0",
                            "master_auth.#": "1",
                            "master_auth.0.client_certificate": "LS0tLS1CRUdJTiBDRVJUSUZJQ0FURS0tLS0tCk1JSUMyakNDQWNLZ0F3SUJBZ0lRV3NNeWkxSnh4VThDRGxVVFFnZW52akFOQmdrcWhraUc5dzBCQVFzRkFEQXYKTVMwd0t3WURWUVFERXlRNVpEZGlPR0k0WXkweFlUZzVMVFF5TUdZdE9HSTVNQzB6WW1ZMllUQTNaVFUyTmprdwpIaGNOTVRrd01UQTRNRFUwTXpBNVdoY05NalF3TVRBM01EVTBNekE1V2pBUk1ROHdEUVlEVlFRREV3WmpiR2xsCmJuUXdnZ0VpTUEwR0NTcUdTSWIzRFFFQkFRVUFBNElCRHdBd2dnRUtBb0lCQVFDOEgzT2RRV3lUbXczYks5K0gKZ01lVmRLZWFwUU54VG1POVE5TUxpUmt3ZDVPdWpXMGRENkZGU0JiUExxMXFRaHkwc3ZDdFpxVEFTSVRUVWxRRwpQSkQ4RmR6ZytqMHdOUVA5QWJPNWMvWll3ekptOERCTDZFT0JFS0RWd2Z6cWppQkYvQm9xSUk3Ukc4d0hLZUtzCm1CY1RIb0llOTJhYktrWlVtRnpTOTU4NEdTYlVVcFcxMWVKQXRQVEdiMVIwVHU0QW5VQTg4WG1RRmVac3FZSHIKa3VHTFBUZnROdVVxRUp2b0llKzhaTGhuVy9iWXFiSlB3bDVHdmJhK20xWTlFOFkrckoxM2ZMUWFyaWt6Qy9HTgprcEdMY3FpZ09FdTIxbHhsKzBkWHh5MVovbk4yeWtPMzFYMzRadmd3aDFVOERUdytOU0lxU2dQMW00cUdCMElZClJkNXhBZ01CQUFHakVEQU9NQXdHQTFVZEV3RUIvd1FDTUFBd0RRWUpLb1pJaHZjTkFRRUxCUUFEZ2dFQkFFVkIKZzdUSUZIcksyUFdBM1VxSENoa0Qvb1p5M2tOa2ZBZHRyakhEMkpVTE1NK2tPMmRoakdFdExTT0k2RytLOGdHNgpoT1F3RTh1VmkveEJ5UDFQMmVQeFp3OU5vM2hWNy9FYkw0V1J0UkhSZG4xRThHQ2pZdkVuUmtpdVJWLzNDUVpzCjdaQVVUeERPSHBqMVhLSkJYWTNWRVlGUFRKZHcyQlR5VHlUYndDMjF6QWxPb0UzclEwdUphMm1ITWVvMGFaMDUKZTgyV1F4UmZhRkIwQWE3dmJqVDBadUdaazlDMS9IQUdPNHZsV1creEdCMXA2QkhIT1VJSGpycXAwMGdCaGpRawo3NW14Rmp4dElDRzFQMXo4NjUwTGhaN1ZicWljV2J4UkxTRUJKR1UyZHhnV0hRekN6VlRKWFVLdmNJSlgza3QyCkRTeElScWlNaHRNQVJXYnMxb1E9Ci0tLS0tRU5EIENFUlRJRklDQVRFLS0tLS0K",
                            "master_auth.0.client_certificate_config.#": "0",
                            "master_auth.0.client_key": "LS0tLS1CRUdJTiBSU0EgUFJJVkFURSBLRVktLS0tLQpNSUlFb2dJQkFBS0NBUUVBdkI5em5VRnNrNXNOMnl2Zmg0REhsWFNubXFVRGNVNWp2VVBUQzRrWk1IZVRybzF0CkhRK2hSVWdXenk2dGFrSWN0TEx3cldha3dFaUUwMUpVQmp5US9CWGM0UG85TURVRC9RR3p1WFAyV01NeVp2QXcKUytoRGdSQ2cxY0g4Nm80Z1Jmd2FLaUNPMFJ2TUJ5bmlySmdYRXg2Q0h2ZG1teXBHVkpoYzB2ZWZPQmttMUZLVgp0ZFhpUUxUMHhtOVVkRTd1QUoxQVBQRjVrQlhtYkttQjY1TGhpejAzN1RibEtoQ2I2Q0h2dkdTNFoxdjIyS215ClQ4SmVScjIydnB0V1BSUEdQcXlkZDN5MEdxNHBNd3Z4alpLUmkzS29vRGhMdHRaY1pmdEhWOGN0V2Y1emRzcEQKdDlWOStHYjRNSWRWUEEwOFBqVWlLa29EOVp1S2hnZENHRVhlY1FJREFRQUJBb0lCQUZhZnZ1dDNBRW1abU5CRwp6QWVIcjU5czEyNTR0SFNjcllXdHNRVDdUTXVLREVsUW15RktISzhieWxEOWcrSE5ibzF3WmkzYWVWdUhLUTVyCnR3QW1MSGEvbEhWT0ZSWFpHNnlKZDVvYVFTSFBSQ3F0Ui9mMEMvMW16RUNSc21YSkt5Zyt0VWVYdFZ1cGlwSHoKNGdvcWdGbVA3MGZXRVB1N0JDYVpBQWt1OTdScTZORDVaWEp0RlhBSFdDaWsvRysra3VFQ1kyQWx4RXNkK0J2SQpibnE2cFVIN2hzK1ZaMmFrNWM0NUI4bTVQYUxmQzNXWllYdmgyRTJGNTlxakJWTWFldW5DRlZTbFVZbHNFbUg2ClV1UGVqNFNCWjNPOW9vTFBPMVNYcGlBWTdzSXptaXJBb1I1OEIzblNhVkxoeVdzR2w4VkpkcHQzaEdhMXQ4ZngKdWUyR3dOY0NnWUVBK0lET0pMYlZXSkd1amJPYmhIZW9QdG54LzdSdmNrazhHeGg2bk5nQWxIdEpQOUNlRk5GUApiUlNuTHN3aHdPRHlQRjhMc1dBRTZvSnltSStTSis1NUZmZ2JQV2xEeG5tMHJtYmZQcGxLdEM4MDkzemxOb1M0CldxRUNOR1V1K002UzNvTHlGVEdlUVdWb1lIL2taN1I3VFlGMmtPWllkVEcxWUczcEdhTkJIRThDZ1lFQXdjeFUKQlRHZi95Q3BxL3lIT2RpWkFRclhqRHQwVDhxbzJtU0wvSkd6dDFyZ3dKd2RHcldpVGdFK1FxS1c5c0szMXFBSgo2SlJEZDZISVFQYlpUV2U2aml2aFE3TGUwckJFeWxrSkVSVGVmeDNGbEZwOFJVTUFONWl3N1dMdGhYeEE2YXFaCk4zb3VZV3dITkxnTHAyZS82K0VsMTVRWmlBY1d1d0dQb2tURTZUOENnWUFVYmlLRWlqT0lFSklWUEVydzNSV0wKOVVjY0NxMk82ODV4TzlYNHh4bGxHNjJ0L1d6QnNXT2lTQ3htZ0luVjNhaU1waFBFQld6aUNzOTVFM1NrcThwdwpyL0V0WDFZZkh5cG5uRFdHWS92c1RHVkNZNVpFb1N5MjVyM1RxTzN2cnF3TWR4K0g5b2hZUUFvUXhQTDJRN1JQCmJ2RmNnRk9OYndUR1pNTGhSTGE1cVFLQmdIV1ZGb2xNTWFvbTFDdFFmVzlnZG56R2FqOWdOMUxPUUNLNWpLSEMKZVVyUExieFBPKzFmdE1rbFFmUkdGOWhDRGk1L1RXTzZ5VENGalMyMVYrVDZBWnVQRGc3NE1PK2VHUzY0VktMegppWWVRdGJjc0syZ09uY3dkcllOcVdYaDdDaHQ3OFpoU1hsK25ucnVpeXhkWUFIOEtUTjUrc2ZyeGFoNHVkVXBiCjlTa2JBb0dBS0Q5RW1DcndqZU9XUm9pR3lqaXg4bVNEL09NeWlzRHhUS3JmU0NaTk5JK3RvSTkxOC9xMUtBUDYKa0xKUjdVZUpZdEFsRGh5aWwyQXErWC8zZTYyam9sNitJQ0NwVkhCNC9OUjZrdHE2VXdCOWJUWS9xcmlmeUxtdApTWTN5dEZ6bzBFL1pJcHRIWkVsMkc4VUNYZnhQMk5qYi82NFZjeFBkZ05vNzhRN3JSK1U9Ci0tLS0tRU5EIFJTQSBQUklWQVRFIEtFWS0tLS0tCg==",
                            "master_auth.0.cluster_ca_certificate": "LS0tLS1CRUdJTiBDRVJUSUZJQ0FURS0tLS0tCk1JSURERENDQWZTZ0F3SUJBZ0lSQUpoZUhkZEVaK20vRWgzWUI4ZEcwNjR3RFFZSktvWklodmNOQVFFTEJRQXcKTHpFdE1Dc0dBMVVFQXhNa09XUTNZamhpT0dNdE1XRTRPUzAwTWpCbUxUaGlPVEF0TTJKbU5tRXdOMlUxTmpZNQpNQjRYRFRFNU1ERXdPREEwTkRNd09Gb1hEVEkwTURFd056QTFORE13T0Zvd0x6RXRNQ3NHQTFVRUF4TWtPV1EzCllqaGlPR010TVdFNE9TMDBNakJtTFRoaU9UQXRNMkptTm1Fd04yVTFOalk1TUlJQklqQU5CZ2txaGtpRzl3MEIKQVFFRkFBT0NBUThBTUlJQkNnS0NBUUVBazNCR2thVEV2aXVvRXpQUzZzUDRPVWVFRnRFbFI2amtQYjRLbHpLRQpuZjNnTHBxaEdnaG42cDdUcXZxSmNaVlVsdnhRZ2lNeFQyKzZ6Z2s3NFhENGg3VURsNWhvb2xNeXNteXpFaW15CmU3NE1NeHBWV24rbmxlOTQwbityM1lFK1hkU1BYblMxN1BMcFFoMDVZZ1lUa3NHMjJkV1hTZXhTOVdGSC9hY3MKNjB1ckdOWGxuR2VMSlBGN1NXRXhzaURtTnMvbDBIMlBqWjF1aTJOb2NhSWVyZm5yVm5mZzV1c3FhbDdObm1JOQpmaGpoMzhyZm5qaDRjajgwNEE0djVGWXdMUFlidE5xek9wemZEYUxUT0tFRmIrOTVreHFDZ1RCRWN4VlNhOWNOCkdQNzJDNFVHZm1vQ0Y4YWdyZ1F1QW1QeUs1S1BVRHpOdUtQV3B3cU51WkxRaHdJREFRQUJveU13SVRBT0JnTlYKSFE4QkFmOEVCQU1DQWdRd0R3WURWUjBUQVFIL0JBVXdBd0VCL3pBTkJna3Foa2lHOXcwQkFRc0ZBQU9DQVFFQQpRNEJmdm5GYkwzM3ZxSVVVZmZUNTVDeXhyS21IajRaaHlqTXJRYTYzRzFOTW93Q2twOE9Rc1QrblVaN2NQUFhLCk4xTUZjajZvVmNISmF6NW9YNkx4aXNHVlNsMGV4MVJqeVlZSkN3MDFZMnhrUmxsU3FrNVRSL1RkK2dzRWJHSlUKTFpIU2wzUzlJQjhJSlJRb1R3TWFteThtMFNhemozYk55UWpnNmFjUlJiTXkwSkxBRzlDdEdUU2Q4V1dSaGdwRwpUOU5peEpFTm5TYU40c09udDR2UElrQzJXMDNseWFNOGdNM2NwRkVhVk1meWVoWWY4amd6TWVrTXdoRlNTL2o5Clg0bHp6WFZpOWxLT1ZMRnljNEFpL0pGVGJSemsrVnk1N1cyeHhyaFh0bG1KOUxiWm9iaWRvRmtJRURWdmlBTXoKeExZb0d3YTZHeWxWdUlZV1RMbDd3QT09Ci0tLS0tRU5EIENFUlRJRklDQVRFLS0tLS0K",
                            "master_auth.0.password": "TDe5Ww7eB2E9YFfX",
                            "master_auth.0.username": "admin",
                            "master_authorized_networks_config.#": "0",
                            "master_ipv4_cidr_block": "",
                            "master_version": "1.10.9-gke.5",
                            "monitoring_service": "monitoring.googleapis.com",
                            "name": "development",
                            "network": "projects/flood-alert-app/global/networks/default",
                            "network_policy.#": "1",
                            "network_policy.0.enabled": "false",
                            "network_policy.0.provider": "PROVIDER_UNSPECIFIED",
                            "node_config.#": "1",
                            "node_config.0.disk_size_gb": "100",
                            "node_config.0.disk_type": "pd-standard",
                            "node_config.0.guest_accelerator.#": "0",
                            "node_config.0.image_type": "COS",
                            "node_config.0.labels.%": "0",
                            "node_config.0.local_ssd_count": "0",
                            "node_config.0.machine_type": "n1-standard-1",
                            "node_config.0.metadata.%": "0",
                            "node_config.0.min_cpu_platform": "",
                            "node_config.0.oauth_scopes.#": "6",
                            "node_config.0.oauth_scopes.1277378754": "https://www.googleapis.com/auth/monitoring",
                            "node_config.0.oauth_scopes.1632638332": "https://www.googleapis.com/auth/devstorage.read_only",
                            "node_config.0.oauth_scopes.172152165": "https://www.googleapis.com/auth/logging.write",
                            "node_config.0.oauth_scopes.316356861": "https://www.googleapis.com/auth/service.management.readonly",
                            "node_config.0.oauth_scopes.3663490875": "https://www.googleapis.com/auth/servicecontrol",
                            "node_config.0.oauth_scopes.3859019814": "https://www.googleapis.com/auth/trace.append",
                            "node_config.0.preemptible": "false",
                            "node_config.0.service_account": "default",
                            "node_config.0.tags.#": "0",
                            "node_config.0.taint.#": "0",
                            "node_config.0.workload_metadata_config.#": "0",
                            "node_pool.#": "1",
                            "node_pool.0.autoscaling.#": "0",
                            "node_pool.0.initial_node_count": "2",
                            "node_pool.0.instance_group_urls.#": "1",
                            "node_pool.0.instance_group_urls.0": "https://www.googleapis.com/compute/v1/projects/flood-alert-app/zones/us-east1-c/instanceGroupManagers/gke-development-default-pool-92fc3901-grp",
                            "node_pool.0.management.#": "1",
                            "node_pool.0.management.0.auto_repair": "false",
                            "node_pool.0.management.0.auto_upgrade": "false",
                            "node_pool.0.max_pods_per_node": "0",
                            "node_pool.0.name": "default-pool",
                            "node_pool.0.name_prefix": "",
                            "node_pool.0.node_config.#": "1",
                            "node_pool.0.node_config.0.disk_size_gb": "100",
                            "node_pool.0.node_config.0.disk_type": "pd-standard",
                            "node_pool.0.node_config.0.guest_accelerator.#": "0",
                            "node_pool.0.node_config.0.image_type": "COS",
                            "node_pool.0.node_config.0.labels.%": "0",
                            "node_pool.0.node_config.0.local_ssd_count": "0",
                            "node_pool.0.node_config.0.machine_type": "n1-standard-1",
                            "node_pool.0.node_config.0.metadata.%": "0",
                            "node_pool.0.node_config.0.min_cpu_platform": "",
                            "node_pool.0.node_config.0.oauth_scopes.#": "6",
                            "node_pool.0.node_config.0.oauth_scopes.1277378754": "https://www.googleapis.com/auth/monitoring",
                            "node_pool.0.node_config.0.oauth_scopes.1632638332": "https://www.googleapis.com/auth/devstorage.read_only",
                            "node_pool.0.node_config.0.oauth_scopes.172152165": "https://www.googleapis.com/auth/logging.write",
                            "node_pool.0.node_config.0.oauth_scopes.316356861": "https://www.googleapis.com/auth/service.management.readonly",
                            "node_pool.0.node_config.0.oauth_scopes.3663490875": "https://www.googleapis.com/auth/servicecontrol",
                            "node_pool.0.node_config.0.oauth_scopes.3859019814": "https://www.googleapis.com/auth/trace.append",
                            "node_pool.0.node_config.0.preemptible": "false",
                            "node_pool.0.node_config.0.service_account": "default",
                            "node_pool.0.node_config.0.tags.#": "0",
                            "node_pool.0.node_config.0.taint.#": "0",
                            "node_pool.0.node_config.0.workload_metadata_config.#": "0",
                            "node_pool.0.node_count": "2",
                            "node_pool.0.version": "1.10.9-gke.5",
                            "node_version": "1.10.9-gke.5",
                            "pod_security_policy_config.#": "0",
                            "private_cluster": "false",
                            "project": "flood-alert-app",
                            "resource_labels.%": "0",
                            "subnetwork": "projects/flood-alert-app/regions/us-east1/subnetworks/default",
                            "zone": "us-east1-c"
                        },
                        "meta": {
                            "e2bfb730-ecaa-11e6-8f88-34363bc7c4c0": {
                                "create": 1800000000000,
                                "delete": 1800000000000,
                                "update": 600000000000
                            },
                            "schema_version": "1"
                        },
                        "tainted": false
                    },
                    "deposed": [],
                    "provider": "provider.google"
                }
            },
            "depends_on": []
        }
    ]
}
