{
    "version": 3,
    "terraform_version": "0.11.8",
    "serial": 51,
    "lineage": "e45bfa24-a099-174d-6797-d7daea044a80",
    "modules": [
        {
            "path": [
                "root"
            ],
            "outputs": {},
            "resources": {
                "google_container_cluster.primary": {
                    "type": "google_container_cluster",
                    "depends_on": [],
                    "primary": {
                        "id": "development",
                        "attributes": {
                            "additional_zones.#": "0",
                            "addons_config.#": "1",
                            "addons_config.0.horizontal_pod_autoscaling.#": "0",
                            "addons_config.0.http_load_balancing.#": "0",
                            "addons_config.0.kubernetes_dashboard.#": "0",
                            "addons_config.0.network_policy_config.#": "1",
                            "addons_config.0.network_policy_config.0.disabled": "true",
                            "cluster_ipv4_cidr": "10.4.0.0/14",
                            "description": "",
                            "enable_binary_authorization": "false",
                            "enable_kubernetes_alpha": "false",
                            "enable_legacy_abac": "false",
                            "endpoint": "35.231.164.20",
                            "id": "development",
                            "initial_node_count": "2",
                            "instance_group_urls.#": "1",
                            "instance_group_urls.0": "https://www.googleapis.com/compute/v1/projects/flood-alert-app/zones/us-east1-c/instanceGroups/gke-development-default-pool-eaf3a9c5-grp",
                            "ip_allocation_policy.#": "0",
                            "logging_service": "logging.googleapis.com",
                            "maintenance_policy.#": "0",
                            "master_auth.#": "1",
                            "master_auth.0.client_certificate": "LS0tLS1CRUdJTiBDRVJUSUZJQ0FURS0tLS0tCk1JSUMyekNDQWNPZ0F3SUJBZ0lSQU5UL1RnblpMckdOL3VRaE1LYXVzdWd3RFFZSktvWklodmNOQVFFTEJRQXcKTHpFdE1Dc0dBMVVFQXhNa1ltSm1NREkxTkRVdFpUZ3lZaTAwTURNMUxUazRZV1l0TjJZMU5ERmtZVFl6WkdRMQpNQjRYRFRFNE1URXdPREF6TWpFd01Gb1hEVEl6TVRFd056QXpNakV3TUZvd0VURVBNQTBHQTFVRUF4TUdZMnhwClpXNTBNSUlCSWpBTkJna3Foa2lHOXcwQkFRRUZBQU9DQVE4QU1JSUJDZ0tDQVFFQW1yeHpqa1A3S0d0bS94NkYKYS9SMDJxQkZOYTA3bmJldTY0cGUwczNlalhkdmNtT3lPdGJlUkp3TlR3a0c4SlNzMXNNdWFvaUFNZzA2WUpIWgowNXVPWlZjUGxEZ1hmUklLRUp2NDJkRkdHK3VINTRMMUdDTm1GclJDRmt4OGtZWVIvMkRBNmZPU3RVa2MvTS9lCm1WTGx5WFJ0bHNYKzBsUGpVcytrenZVSEQzYXhnUkh1R0xROXNCbjRwQmUrN2RQc0tXSnA4ZzRMS05rNEZsdzUKS3crUG95ekFEZ211b3RvdG9yRkNQOGkzNHdTMGhlVk50Z3kzbjN4U0ZkNmhVbUJtUXZrM2h4KzdSTkFJRFdnYgpZVit3SmhFZGRScTA1WTllOG00cy9vczRybGhlWFRlQ0thYmlWNjl2TGprQ0xvNmh6TXRNbmVzckJkWFptWE9HClEvMGVMd0lEQVFBQm94QXdEakFNQmdOVkhSTUJBZjhFQWpBQU1BMEdDU3FHU0liM0RRRUJDd1VBQTRJQkFRQnkKdllCNk80Rkg4QVlJUFVZdjJtTnJ4am5pdmlKSHlRL0ZXZlRnV2wrdUZkRk0zenIrb1hYWHpZUzUrdFhqWjJreQpRU3lqd1EwZUVCTHduZk1iY0RwNWJCSy9ldk1UTUxrR0ZEN0JodDRtZWFMN2p4T1ljRlFFbXdZUzJ1OWpQeGhICmtVMHVTdmJvekdvOThCTisxVjZXcllvOHNqU3Bhb1pISVN1aDVFei9VaVltR3ZGZ2pobkpyQjBwbVVkZmNOK2wKOTJYYlJ5R1lzL2tkMGVxdUJwRjNCY2MvQVMvQVdaNUNnd2FMWGVVcjZ4R2NmUTYwczdMYVl5K2FLV1hTUEd3NgpFbklqOXNRMThCN3R3Wk5VZUxSazJKK3dYRUc4Q1pHRDgraDdrK3U5S2JFWjJROG1KTFpHOForK1YraktwQWYyClE3RnRWQTBhdVRCQ0k0UTRmYTg1Ci0tLS0tRU5EIENFUlRJRklDQVRFLS0tLS0K",
                            "master_auth.0.client_certificate_config.#": "0",
                            "master_auth.0.client_key": "LS0tLS1CRUdJTiBSU0EgUFJJVkFURSBLRVktLS0tLQpNSUlFb3dJQkFBS0NBUUVBbXJ4emprUDdLR3RtL3g2RmEvUjAycUJGTmEwN25iZXU2NHBlMHMzZWpYZHZjbU95Ck90YmVSSndOVHdrRzhKU3Mxc011YW9pQU1nMDZZSkhaMDV1T1pWY1BsRGdYZlJJS0VKdjQyZEZHRyt1SDU0TDEKR0NObUZyUkNGa3g4a1lZUi8yREE2Zk9TdFVrYy9NL2VtVkxseVhSdGxzWCswbFBqVXMra3p2VUhEM2F4Z1JIdQpHTFE5c0JuNHBCZSs3ZFBzS1dKcDhnNExLTms0Rmx3NUt3K1BveXpBRGdtdW90b3RvckZDUDhpMzR3UzBoZVZOCnRneTNuM3hTRmQ2aFVtQm1RdmszaHgrN1JOQUlEV2diWVYrd0poRWRkUnEwNVk5ZThtNHMvb3M0cmxoZVhUZUMKS2FiaVY2OXZMamtDTG82aHpNdE1uZXNyQmRYWm1YT0dRLzBlTHdJREFRQUJBb0lCQUVkeGFWMHZVQ0JhYm9TdQpYK1gzU1pqRDFSQ3lla3NZeXgrZmxLWjZQUjVPSGR2UDRqTytqNE5ZRmVEL0J3QS9kUW4zdGsrajFLVEhiTU8zCnM3NDdIV1QyN0k5LzBvQ0J1cm51ZWRpQUFvSFRucjBxdnVVMU91YVN0Y3k3NWV2KzNnSnVkc1BPSFZlc2VVRFUKN1M4WGtsY1FkYVRlcUFnT2lXL3J4V2wwd3B6RmRkcERBM2xoT2FwVTZQV2sxYnArNXVON2s3YTVtbUFVdXFsbApVUms1TWFXTmx0SGM1U3RkVXpoQU9lRzlsU3lhUVdFbk1hdm1ackZWbERhR2R3SGNvMGR3TjhGUVFLbnllZWNsCmZJbGpZL1I4WjNDWUVCRjhRRkVnU2Z5b1kraTY5NWVKZUJMWlhiMlI4b0FvWXZoWDl2QzlrQnRlV2J4VlNxOHMKV09vcm5ORUNnWUVBeThWSjMrM21pYWRnck12dmljYkxzT0ZzWFJQQlZwMDI4cW0yT1hvVStjd1Zvc3NvMWNLSQo0WnRXUnhaWkxjTjVWWUZOOGVURGNDWUg3Y1R5VlJvSjJSR0NvdTBrWjdLbjZIelp0NjNxSTF6SElUamJHa0xqCm13VTFFcVBrWG53RnVFMFVFZjZKZzYvSTB0OVhQSXNUVGFSWUszUzR6WmFUbW10KytxQkRLbGNDZ1lFQXdtV3cKendaVFJpTjh3SCtuMm5hN01vVjlLTk82NUNtakxibmZ5WEI1b0V5Y040ajdrcTNTaGVSclNIQStrblI5bHVsZwp5by9jdUZ6RGRRWTRyRG1HaVlEK2hOR01nNE9Dd25xeEIxRFFFbm9VcVNOcjlLeDNIREs2U21pMXB5NFRxdU85CkFSVURRWnk2T0FUWXkya3FYcXNPTXhTVlpua09PV3d1TVhMTjgra0NnWUFvalFCZ2tjVlpDM2dQcXgzbU95dDUKN2NKVTI0T1VLd0V1VlZ1d0lIMWdJSjhGb0l4bHphclR5c2ZtcWFuaGs0N24xeTJkdjdxczdNU1RLcWhYQ3pGKwpneCtPTU1jWDQ5UEtUbDQ5VVZ6UTRMdTMvc3FMZFZnNkYxVXllbThONW54MDZ0SGRxdHZPMndLS0JHd2wzajlmCktoOXB0bmE0WXdqSXFDL0N6SFhSVFFLQmdRREJaRVVuVDlXY1cwV0tnL1RLNDMrTDNUME1Wc2NBb1dPUzQrMTgKQ3djVXIrSmhaVWRSUHRmSEY5eWE3Zjl4MTYzeGFpOCtsU3d4eFNjMXpvQ201WHV3WThIUkJGN1Rud3VBeW1vLwpLdWcwMlhxZ1lYck9xSnkrVXNEOXNYbTEzYUwzU1NVSVpJMGV3dnFITEZzNDBXQ3pXVjBBK0NOQkZJRlFJdzA1CmFFcjNzUUtCZ0NSaGdUQUs0TnhSNmQrWHFnSEM2Q2lUdGNxelpKbnUrcVN1VDZsVTgvL25IV1k4UWNubHo1bksKRmJ2eTJDMkJNL0ZIWTVleS96bVdhaXg1NmVCRXA2a3JoWCtvWjNZdkZIWURDaHczNXlhcS9uRDdRcGVNMnh5aQpCWitvVGZXaXpNbThFTHNpdldqRW9mODlEdWxBRjNGUndMSUgrYXNEQ2Nrd0pxbVllZXBDCi0tLS0tRU5EIFJTQSBQUklWQVRFIEtFWS0tLS0tCg==",
                            "master_auth.0.cluster_ca_certificate": "LS0tLS1CRUdJTiBDRVJUSUZJQ0FURS0tLS0tCk1JSURERENDQWZTZ0F3SUJBZ0lSQU9pU00ydCt0bTVHRUlPUk42TGt2M293RFFZSktvWklodmNOQVFFTEJRQXcKTHpFdE1Dc0dBMVVFQXhNa1ltSm1NREkxTkRVdFpUZ3lZaTAwTURNMUxUazRZV1l0TjJZMU5ERmtZVFl6WkdRMQpNQjRYRFRFNE1URXdPREF5TWpBMU9Wb1hEVEl6TVRFd056QXpNakExT1Zvd0x6RXRNQ3NHQTFVRUF4TWtZbUptCk1ESTFORFV0WlRneVlpMDBNRE0xTFRrNFlXWXROMlkxTkRGa1lUWXpaR1ExTUlJQklqQU5CZ2txaGtpRzl3MEIKQVFFRkFBT0NBUThBTUlJQkNnS0NBUUVBMk9LWVVFU1c0dVJWUnNzV1lnak44RnhlS2U5dm1IQlFPNzZRdXE0UQpyeU5jZlE2RUJxWlNnaURPMTBvQ2wxNlozYSs2NzZzWGtzeUxseGMzdGlpdTlTSTVXTTlXaHZrNUs5Z05FN0VYCm94UElObnVRNUQvZTdjT2NGaXJxSFh3Y0xsL0cvVmI2MStWM2ViV3o3MFlwYndEanh2bUJaczEvUmViU3ZFbjkKckhGOHhoSXFTbEhFOWk2a3Vwb3dNaTA2eTd2a0N3MnN2NFlGeWloZyt5UDFCTGRZdUQzUVlCTTE4Z0t2NHN2aApTblVKbUpMamluTVZhR25qb2o1VHNPY0pGNmVGQTI4L2FXaGI0NXhVRjFDcHFUbUpmMnJnc1dER1FtTXI3ZkxrCjNCbDR4TXhJTENwYUQ1UGVuUEtxcTJJZi9nSjFKVm9ONFFQUUU0VHFmdS9MU1FJREFRQUJveU13SVRBT0JnTlYKSFE4QkFmOEVCQU1DQWdRd0R3WURWUjBUQVFIL0JBVXdBd0VCL3pBTkJna3Foa2lHOXcwQkFRc0ZBQU9DQVFFQQphbUhzb0puQzRoRVhVblVQZmh3cVhHT1hVOU5qN3pHZ1ZlbnBSUXQxR3Z0ajFnY0JaNk02RE05NnJqR0tzc0VPCm5lcTJGZ3JVVnFWdkMvOTA1bEx5NkZMWFZEQjJYMy9lVENuSUVaVlZxS3grTFl0aDByQjF4SExDbGdJVExhT1UKNEdYeHpkT1luUmZpN2lDc2IrNStNRXE5UmhiWjRzd1NPUVlwZCtySWMvOXU2MC9ac1R2TG01R09uTVhxNTVjYgpYVGdzVFovUVJvS1kzVG5IUVhMbVNBZmgvVVJBZkQxd0FNMjczd2tTZEFsNDh4amVWUVgxNGFYRjBTQWVnNDJtCjJ0OExBaG5wdUR1Y0VPUWFyd1pUUkx5eUtOaDdkbG1uaGxmdGhuZUNIUmRaZzd6L3cwZEZDb0MwOUYySFlDcG0KcnFtak1BTmVXVWtJWFJrbDhNeHdOQT09Ci0tLS0tRU5EIENFUlRJRklDQVRFLS0tLS0K",
                            "master_auth.0.password": "dqKI6zzFvAZ39MEL",
                            "master_auth.0.username": "admin",
                            "master_authorized_networks_config.#": "0",
                            "master_ipv4_cidr_block": "",
                            "master_version": "1.9.7-gke.6",
                            "monitoring_service": "monitoring.googleapis.com",
                            "name": "development",
                            "network": "projects/flood-alert-app/global/networks/default",
                            "network_policy.#": "1",
                            "network_policy.0.enabled": "false",
                            "network_policy.0.provider": "PROVIDER_UNSPECIFIED",
                            "node_config.#": "1",
                            "node_config.0.disk_size_gb": "100",
                            "node_config.0.disk_type": "pd-standard",
                            "node_config.0.guest_accelerator.#": "0",
                            "node_config.0.image_type": "COS",
                            "node_config.0.labels.%": "0",
                            "node_config.0.local_ssd_count": "0",
                            "node_config.0.machine_type": "n1-standard-1",
                            "node_config.0.metadata.%": "0",
                            "node_config.0.min_cpu_platform": "",
                            "node_config.0.oauth_scopes.#": "6",
                            "node_config.0.oauth_scopes.1277378754": "https://www.googleapis.com/auth/monitoring",
                            "node_config.0.oauth_scopes.1632638332": "https://www.googleapis.com/auth/devstorage.read_only",
                            "node_config.0.oauth_scopes.172152165": "https://www.googleapis.com/auth/logging.write",
                            "node_config.0.oauth_scopes.316356861": "https://www.googleapis.com/auth/service.management.readonly",
                            "node_config.0.oauth_scopes.3663490875": "https://www.googleapis.com/auth/servicecontrol",
                            "node_config.0.oauth_scopes.3859019814": "https://www.googleapis.com/auth/trace.append",
                            "node_config.0.preemptible": "false",
                            "node_config.0.service_account": "default",
                            "node_config.0.tags.#": "0",
                            "node_config.0.taint.#": "0",
                            "node_config.0.workload_metadata_config.#": "0",
                            "node_pool.#": "1",
                            "node_pool.0.autoscaling.#": "0",
                            "node_pool.0.initial_node_count": "2",
                            "node_pool.0.instance_group_urls.#": "1",
                            "node_pool.0.instance_group_urls.0": "https://www.googleapis.com/compute/v1/projects/flood-alert-app/zones/us-east1-c/instanceGroupManagers/gke-development-default-pool-eaf3a9c5-grp",
                            "node_pool.0.management.#": "1",
                            "node_pool.0.management.0.auto_repair": "false",
                            "node_pool.0.management.0.auto_upgrade": "false",
                            "node_pool.0.max_pods_per_node": "0",
                            "node_pool.0.name": "default-pool",
                            "node_pool.0.name_prefix": "",
                            "node_pool.0.node_config.#": "1",
                            "node_pool.0.node_config.0.disk_size_gb": "100",
                            "node_pool.0.node_config.0.disk_type": "pd-standard",
                            "node_pool.0.node_config.0.guest_accelerator.#": "0",
                            "node_pool.0.node_config.0.image_type": "COS",
                            "node_pool.0.node_config.0.labels.%": "0",
                            "node_pool.0.node_config.0.local_ssd_count": "0",
                            "node_pool.0.node_config.0.machine_type": "n1-standard-1",
                            "node_pool.0.node_config.0.metadata.%": "0",
                            "node_pool.0.node_config.0.min_cpu_platform": "",
                            "node_pool.0.node_config.0.oauth_scopes.#": "6",
                            "node_pool.0.node_config.0.oauth_scopes.1277378754": "https://www.googleapis.com/auth/monitoring",
                            "node_pool.0.node_config.0.oauth_scopes.1632638332": "https://www.googleapis.com/auth/devstorage.read_only",
                            "node_pool.0.node_config.0.oauth_scopes.172152165": "https://www.googleapis.com/auth/logging.write",
                            "node_pool.0.node_config.0.oauth_scopes.316356861": "https://www.googleapis.com/auth/service.management.readonly",
                            "node_pool.0.node_config.0.oauth_scopes.3663490875": "https://www.googleapis.com/auth/servicecontrol",
                            "node_pool.0.node_config.0.oauth_scopes.3859019814": "https://www.googleapis.com/auth/trace.append",
                            "node_pool.0.node_config.0.preemptible": "false",
                            "node_pool.0.node_config.0.service_account": "default",
                            "node_pool.0.node_config.0.tags.#": "0",
                            "node_pool.0.node_config.0.taint.#": "0",
                            "node_pool.0.node_config.0.workload_metadata_config.#": "0",
                            "node_pool.0.node_count": "2",
                            "node_pool.0.version": "1.9.7-gke.6",
                            "node_version": "1.9.7-gke.6",
                            "pod_security_policy_config.#": "0",
                            "private_cluster": "false",
                            "project": "flood-alert-app",
                            "resource_labels.%": "0",
                            "subnetwork": "projects/flood-alert-app/regions/us-east1/subnetworks/default",
                            "zone": "us-east1-c"
                        },
                        "meta": {
                            "e2bfb730-ecaa-11e6-8f88-34363bc7c4c0": {
                                "create": 1800000000000,
                                "delete": 1800000000000,
                                "update": 600000000000
                            },
                            "schema_version": "1"
                        },
                        "tainted": false
                    },
                    "deposed": [],
                    "provider": "provider.google"
                }
            },
            "depends_on": []
        }
    ]
}
