{
    "version": 3,
    "terraform_version": "0.11.8",
    "serial": 43,
    "lineage": "e45bfa24-a099-174d-6797-d7daea044a80",
    "modules": [
        {
            "path": [
                "root"
            ],
            "outputs": {},
            "resources": {
                "google_container_cluster.primary": {
                    "type": "google_container_cluster",
                    "depends_on": [],
                    "primary": {
                        "id": "development",
                        "attributes": {
                            "additional_zones.#": "0",
                            "addons_config.#": "1",
                            "addons_config.0.horizontal_pod_autoscaling.#": "0",
                            "addons_config.0.http_load_balancing.#": "0",
                            "addons_config.0.kubernetes_dashboard.#": "0",
                            "addons_config.0.network_policy_config.#": "1",
                            "addons_config.0.network_policy_config.0.disabled": "true",
                            "cluster_ipv4_cidr": "10.4.0.0/14",
                            "description": "",
                            "enable_binary_authorization": "false",
                            "enable_kubernetes_alpha": "false",
                            "enable_legacy_abac": "false",
                            "endpoint": "35.229.91.51",
                            "id": "development",
                            "initial_node_count": "1",
                            "instance_group_urls.#": "1",
                            "instance_group_urls.0": "https://www.googleapis.com/compute/v1/projects/flood-alert-app/zones/us-east1-c/instanceGroups/gke-development-default-pool-9384f0ac-grp",
                            "ip_allocation_policy.#": "0",
                            "logging_service": "logging.googleapis.com",
                            "maintenance_policy.#": "0",
                            "master_auth.#": "1",
                            "master_auth.0.client_certificate": "LS0tLS1CRUdJTiBDRVJUSUZJQ0FURS0tLS0tCk1JSUMyakNDQWNLZ0F3SUJBZ0lRYkhibmZMRW85MkN3UVp5dkVsOHprREFOQmdrcWhraUc5dzBCQVFzRkFEQXYKTVMwd0t3WURWUVFERXlRelpEWmlZbUppWXkwM09EUXlMVFJrWVRNdE9UQTVNQzB6Wm1SaE5XSTJaREZsTldRdwpIaGNOTVRneE1UQXhNVGd6TWpJMVdoY05Nak14TURNeE1UZ3pNakkxV2pBUk1ROHdEUVlEVlFRREV3WmpiR2xsCmJuUXdnZ0VpTUEwR0NTcUdTSWIzRFFFQkFRVUFBNElCRHdBd2dnRUtBb0lCQVFEVXpSei9oSjVNSnhpSHVSNmEKdU03cXF3bXpxQVBKWmxVcjV1TXBtd0lQNWhmVEYvUEE1OUtGMTZDQUdlUGxUSURvS0RlSGQrY0NuUDBva3Q1aworYVN1ZVZ4RW1xamNFWjZkSFRId3lkZ2lPWnZuV3pIclJhRytSaTlGbThNWHVja0I0bGVyT0QwWlcxd24yeGVVCkpDUWM0MnVOTkhCNm84ekVpYVJ1cVM1a28ycE03d2g1VVhnOWd4RzlsTzdYMkhMeTlmVXB0Q3NnSTRyRHhCb2wKSk9VWnNadHZicE0ydWlYZUxEbGxIeTZkdGNvSGxQQ3YrREdxL3hiQ1Q5SmYreStNbTM3R3RKMHdMUlpnMnFMTwpodG91YktwV0FiZ3d5aU0zc1lMR2pqT3oyOURMdVJCZXBLTENkcHpzdWtKU1RnbTg0eVYxVlMvcEQ5NHV1VHR5CnZkT0pBZ01CQUFHakVEQU9NQXdHQTFVZEV3RUIvd1FDTUFBd0RRWUpLb1pJaHZjTkFRRUxCUUFEZ2dFQkFKRloKNmRNOFNjRVROZXVFMmxqSEVUVVFjOExIK1VSVFk5Y0M5ditGa2FmOVcxbnBXbWFrUDVudzAyVWg1c1VkV1ZiTQpRbUphRmV2amJFUzhhdTJYZER1dTloZEZLYzFMdUM0UjNiN2FKcm8vUlNZYXRoQk5iOUFUV1F0SVE0MGNLZnNhCjR1b0l6UTRPWWpRa0NHSUNmUWpWYWw1T3NhcWpLdTZ3b002MVY5anRWb0FLN0FIdlU5QkVhUHZtMUxCZm9Ma3cKQys4VFlRMkJFcGdzdy9XREZydmpJME8wamRPeFlhWlFaMTJnNzY0NEw4MDNXanFlVG9DRzRzekJNS3BYeDlxbwpjZ01lMXVocDBnMUdMOFNpYUpJbjRPYXZtUUlUbWthUTBSUkMxa1NRd1ptVGhYK0VvQUpRZjhaTC85bjBlRjU0CjlvTisxbVZvbzMxY3U0VW5jR1k9Ci0tLS0tRU5EIENFUlRJRklDQVRFLS0tLS0K",
                            "master_auth.0.client_certificate_config.#": "0",
                            "master_auth.0.client_key": "LS0tLS1CRUdJTiBSU0EgUFJJVkFURSBLRVktLS0tLQpNSUlFcFFJQkFBS0NBUUVBMU0wYy80U2VUQ2NZaDdrZW1yak82cXNKczZnRHlXWlZLK2JqS1pzQ0QrWVgweGZ6CndPZlNoZGVnZ0JuajVVeUE2Q2czaDNmbkFwejlLSkxlWlBta3JubGNSSnFvM0JHZW5SMHg4TW5ZSWptYjUxc3gKNjBXaHZrWXZSWnZERjduSkFlSlhxemc5R1Z0Y0o5c1hsQ1FrSE9OcmpUUndlcVBNeElta2Jxa3VaS05xVE84SQplVkY0UFlNUnZaVHUxOWh5OHZYMUtiUXJJQ09LdzhRYUpTVGxHYkdiYjI2VE5yb2wzaXc1WlI4dW5iWEtCNVR3CnIvZ3hxdjhXd2svU1gvc3ZqSnQreHJTZE1DMFdZTnFpem9iYUxteXFWZ0c0TU1vak43R0N4bzR6czl2UXk3a1EKWHFTaXduYWM3THBDVWs0SnZPTWxkVlV2NlEvZUxyazdjcjNUaVFJREFRQUJBb0lCQUIwZ2N3emxUODV3Rm5zegpReVZkME5LTmRSOCtTc0JsRFpqYitqRk9hbTZYS2FFbTJPSUpTUWN4VDZKaENOQ3drejlUaStBeXNPK3FZYnROCk9QdjhzSVlDRGZkRTdRSnNOZmZlMEdCYkhFWjQrS1ltMVJNVkhaR2Y1U1lEcnlVZTlJeVp1TEt5bUtoUkdUREsKVy9TV3FzdTZkQlRvZmRISGZFWlZhYWlNNXhEMmpodmJQdVNrTTllVEtIQWx3TFZoMm81Mk15Zk13UG9VSk00Ngo5THI3eUpsV284cW5leGZjQ21MRWFCRFhnRDVyZ2RacXNNVElNQ3NLdDRId0xwWVMzM3lKcVFUanZvQS96SkVlCk52QmRFWmFVeVptRHM5dC9jSUNoZlEzRGU0RFFwckN3SHRLNWZEVFZ2SjIzSGlmdW9ZNW5YRTN5cHRhZUVlN1IKeWlTNjBpVUNnWUVBOTRPekZxNjQwOXdTU1M4Z3BlaTFxU3lLNUJ1YlRVbDdhcHJaeVp0MjM1T3ZpVkdkdU1UUQp1QlVVL3J2MVZlNlVhcjEvTjUyNVpER2JScks0UzIzRjNhNnRxQTNwRDBXb0p6ZW1tdk8rT2ZOYThGWmhHNzRzCldoc3dMWVFSREhnbzlqZWxSNDN2NnNhbjBLdDB0RU50d3diaFBndDZhbCs2WXVvWHhPanBvSjBDZ1lFQTNCakIKSmphVmt4MG5oaVVucTJWdFo1STk5UzRJM05nc1NPNWFkMHVTWk1oTjBzQ0I5VG5kYjREWnlqZlIzYldOTXR0UApqd0dDTVBZQUtUblV2ZnVtRGFzOWNGMjRha09qSjZma3BDeHUxSHNneWpVRHkwOVFBcUVXNmU2MGdzakV3Uzc2CkY1S0wrMGFzZlErcitGSWlRRVpFSnBxVUl4bXR0UzBxWFZoaEhOMENnWUVBeVJSclY5QVdRN2VUKzNTWDkzRTQKcy9tRjFJOUErZWJxcHM2cWhBa1M1OHZaWFp1Nm9MTDBSYmlLMSsvbS9pclcxR2lpZzVKVlhMcVlSVFZJVjY4VQpnbVk0bWtEQ3lDOTB6bmQ5bUlEUVY5QUdYeDR0d2hZYmZoQjhjVjNMWSsveWh5VHAxMW5PUVZPbVhmWU0xNjIzCjdDc1lyZ2t4S0Y0ZzA5OE45R0NyL0ZrQ2dZRUFtOTFmOHpyV2cvOHlmVG9VdExrNFdBOWxseHJKcGZQa3NLVXoKSmFZNy91a215NmdPb0dZaEhaU25KeUNPbTY2MVZwMmU0c3dUc2E2VWdKMTJ2aS9XOFhraUlsQU1pQnhzRDJwRApiY3dWbEoyNW85a1ZYY1pHQ0FhaVhubndGV291aEF4TGlhUDdRN0JSK0tLL2l6UkhFek52a2RNSU15ODlKNy9iCmI0MW1BSFVDZ1lFQXlLTC90N0YxWWhJTVZ2M0NVZlhua2IwQ1ZISXJpeXdHZEozNzg1enZlblY1akdoUnRzS24KNk9Rd3NML3ZWaFl2MExlN2k3cWxxTHRGZ0JxRTNLNHdlYno4elRPVnB4dHI0eElBOGFIeGcwMmI4RExVRnJORQpTL1JWTWptNVd0aTU1cGxHRmNvMko3dGw0OEYxWTNGV3QxQjlBN25Wd2UvN1JiQm5GOFlxSG9NPQotLS0tLUVORCBSU0EgUFJJVkFURSBLRVktLS0tLQo=",
                            "master_auth.0.cluster_ca_certificate": "LS0tLS1CRUdJTiBDRVJUSUZJQ0FURS0tLS0tCk1JSURDekNDQWZPZ0F3SUJBZ0lRVFpYYytqYVhjOFJDZ3dxYU9HQU4wREFOQmdrcWhraUc5dzBCQVFzRkFEQXYKTVMwd0t3WURWUVFERXlRelpEWmlZbUppWXkwM09EUXlMVFJrWVRNdE9UQTVNQzB6Wm1SaE5XSTJaREZsTldRdwpIaGNOTVRneE1UQXhNVGN6TWpJMFdoY05Nak14TURNeE1UZ3pNakkwV2pBdk1TMHdLd1lEVlFRREV5UXpaRFppClltSmlZeTAzT0RReUxUUmtZVE10T1RBNU1DMHpabVJoTldJMlpERmxOV1F3Z2dFaU1BMEdDU3FHU0liM0RRRUIKQVFVQUE0SUJEd0F3Z2dFS0FvSUJBUUNiVTV5WWlsZnNEc2hVMXJSUHB1Nk9QZFJSazBGZXF4dW1wWEhnSytxSQpnekdTTFFGQS9NOFdPNjgwdkNCVnZHQ3MreVN1aDA2TndIZGdRT2Z3RytFWGM1VmdxN0RoWDgwV0ZLQ2MxZURCCnpudWNzZmtBNlpPc0IrSlRHemRSWGFzVjVUcDgwZ09RckQrTlVrQm8yL3hVWmVlUnhrNFltaGpuR0RidUtHNzAKQzVvYjExak1FK2xyVk9oekVINGNpT0RpRUoxU3RPYzhOemJ4UHcvcEUwYTBDYTJoNDQvUHNhQWRVM1ozc3c2VAplbzFSQnZZVFBmYnNtVjFsTVJFN21va0RCWFlvZmkxQVlPUUxpeW1kdGpJRldhMWZUZVVYa2ovYXdaUTBwY0hZCnFKazlvZmd0Tnk2emdJTFp5a0hVa1l5TWNrRlJFa0orVmliZW9rSHBudVViQWdNQkFBR2pJekFoTUE0R0ExVWQKRHdFQi93UUVBd0lDQkRBUEJnTlZIUk1CQWY4RUJUQURBUUgvTUEwR0NTcUdTSWIzRFFFQkN3VUFBNElCQVFDQgpZS2NWRjFyeHhKSDIxc1BZb2ZjZzlIWmZBcXBRVzEyM1BHOWxLZW03TlJOWmtHS0VNVW5PckJtciszSVJlQ21CCjFkWDRLOUZ4MTF6WmduTEZpZjRYeG5NVDhjRk5PQjg0RzBJUStJTWZ2N3RHYlQxaDIrMlFjWDhwcFpQV3FxMjUKbHYwZVp6OG1xdlQ2MktDalRudXhmaUJQVTJzSnk1VVlaRUhTRkdScmM2SGIvcGRXSzNHdE14THR2djFZbWFSSQpva0ZqbmxFeVRjaGx4SUE2MUZKMkRRRWtqeGQ2NkNmWjhOVFA5Y1RjZE1jZlg4cjBiemxJa3lCU3owQXFWQUxmClIyUW13dXdOaU9KSk91T2J6K2VBQitFOWt6M0JyQmxwWENTZ1Jnb2I0NHpNQ0d3RG91dnJMSkdLMzhiRGVHa3QKS3RtK3kwY253a2FENmFaTGozdmMKLS0tLS1FTkQgQ0VSVElGSUNBVEUtLS0tLQo=",
                            "master_auth.0.password": "IBuBhYt1O2CHpTJc",
                            "master_auth.0.username": "admin",
                            "master_authorized_networks_config.#": "0",
                            "master_ipv4_cidr_block": "",
                            "master_version": "1.9.7-gke.6",
                            "monitoring_service": "monitoring.googleapis.com",
                            "name": "development",
                            "network": "projects/flood-alert-app/global/networks/default",
                            "network_policy.#": "1",
                            "network_policy.0.enabled": "false",
                            "network_policy.0.provider": "PROVIDER_UNSPECIFIED",
                            "node_config.#": "1",
                            "node_config.0.disk_size_gb": "100",
                            "node_config.0.disk_type": "pd-standard",
                            "node_config.0.guest_accelerator.#": "0",
                            "node_config.0.image_type": "COS",
                            "node_config.0.labels.%": "0",
                            "node_config.0.local_ssd_count": "0",
                            "node_config.0.machine_type": "n1-standard-1",
                            "node_config.0.metadata.%": "0",
                            "node_config.0.min_cpu_platform": "",
                            "node_config.0.oauth_scopes.#": "6",
                            "node_config.0.oauth_scopes.1277378754": "https://www.googleapis.com/auth/monitoring",
                            "node_config.0.oauth_scopes.1632638332": "https://www.googleapis.com/auth/devstorage.read_only",
                            "node_config.0.oauth_scopes.172152165": "https://www.googleapis.com/auth/logging.write",
                            "node_config.0.oauth_scopes.316356861": "https://www.googleapis.com/auth/service.management.readonly",
                            "node_config.0.oauth_scopes.3663490875": "https://www.googleapis.com/auth/servicecontrol",
                            "node_config.0.oauth_scopes.3859019814": "https://www.googleapis.com/auth/trace.append",
                            "node_config.0.preemptible": "false",
                            "node_config.0.service_account": "default",
                            "node_config.0.tags.#": "0",
                            "node_config.0.taint.#": "0",
                            "node_config.0.workload_metadata_config.#": "0",
                            "node_pool.#": "1",
                            "node_pool.0.autoscaling.#": "0",
                            "node_pool.0.initial_node_count": "1",
                            "node_pool.0.instance_group_urls.#": "1",
                            "node_pool.0.instance_group_urls.0": "https://www.googleapis.com/compute/v1/projects/flood-alert-app/zones/us-east1-c/instanceGroupManagers/gke-development-default-pool-9384f0ac-grp",
                            "node_pool.0.management.#": "1",
                            "node_pool.0.management.0.auto_repair": "false",
                            "node_pool.0.management.0.auto_upgrade": "false",
                            "node_pool.0.max_pods_per_node": "0",
                            "node_pool.0.name": "default-pool",
                            "node_pool.0.name_prefix": "",
                            "node_pool.0.node_config.#": "1",
                            "node_pool.0.node_config.0.disk_size_gb": "100",
                            "node_pool.0.node_config.0.disk_type": "pd-standard",
                            "node_pool.0.node_config.0.guest_accelerator.#": "0",
                            "node_pool.0.node_config.0.image_type": "COS",
                            "node_pool.0.node_config.0.labels.%": "0",
                            "node_pool.0.node_config.0.local_ssd_count": "0",
                            "node_pool.0.node_config.0.machine_type": "n1-standard-1",
                            "node_pool.0.node_config.0.metadata.%": "0",
                            "node_pool.0.node_config.0.min_cpu_platform": "",
                            "node_pool.0.node_config.0.oauth_scopes.#": "6",
                            "node_pool.0.node_config.0.oauth_scopes.1277378754": "https://www.googleapis.com/auth/monitoring",
                            "node_pool.0.node_config.0.oauth_scopes.1632638332": "https://www.googleapis.com/auth/devstorage.read_only",
                            "node_pool.0.node_config.0.oauth_scopes.172152165": "https://www.googleapis.com/auth/logging.write",
                            "node_pool.0.node_config.0.oauth_scopes.316356861": "https://www.googleapis.com/auth/service.management.readonly",
                            "node_pool.0.node_config.0.oauth_scopes.3663490875": "https://www.googleapis.com/auth/servicecontrol",
                            "node_pool.0.node_config.0.oauth_scopes.3859019814": "https://www.googleapis.com/auth/trace.append",
                            "node_pool.0.node_config.0.preemptible": "false",
                            "node_pool.0.node_config.0.service_account": "default",
                            "node_pool.0.node_config.0.tags.#": "0",
                            "node_pool.0.node_config.0.taint.#": "0",
                            "node_pool.0.node_config.0.workload_metadata_config.#": "0",
                            "node_pool.0.node_count": "1",
                            "node_pool.0.version": "1.9.7-gke.6",
                            "node_version": "1.9.7-gke.6",
                            "pod_security_policy_config.#": "0",
                            "private_cluster": "false",
                            "project": "flood-alert-app",
                            "resource_labels.%": "0",
                            "subnetwork": "projects/flood-alert-app/regions/us-east1/subnetworks/default",
                            "zone": "us-east1-c"
                        },
                        "meta": {
                            "e2bfb730-ecaa-11e6-8f88-34363bc7c4c0": {
                                "create": 1800000000000,
                                "delete": 1800000000000,
                                "update": 600000000000
                            },
                            "schema_version": "1"
                        },
                        "tainted": false
                    },
                    "deposed": [],
                    "provider": "provider.google"
                }
            },
            "depends_on": []
        }
    ]
}
